
Microsoft Visual Studio Solution File, Format Version 11.00
# Visual Studio 2010
Project("{FAE04EC0-301F-11D3-BF4B-00C04F79EFBC}") = "BLL", "BLL\BLL.csproj", "{AE22E571-3DBC-450D-81B1-D78F71FB4F5F}"
EndProject
Project("{FAE04EC0-301F-11D3-BF4B-00C04F79EFBC}") = "Common", "Common\Common.csproj", "{9DCB5446-B0C6-48B8-82D6-2388E0A1CEB4}"
EndProject
Project("{FAE04EC0-301F-11D3-BF4B-00C04F79EFBC}") = "DAL", "DAL\DAL.csproj", "{2A895394-A5BF-4DCA-85B1-E1CBE87F2483}"
EndProject
Project("{FAE04EC0-301F-11D3-BF4B-00C04F79EFBC}") = "App", "App\App.csproj", "{3CA93D1E-4EE8-43E9-B02F-B9CF9E911439}"
EndProject
Project("{FAE04EC0-301F-11D3-BF4B-00C04F79EFBC}") = "IBLL", "IBLL\IBLL.csproj", "{A729B225-06E5-4230-8B8B-192AE5104FDA}"
EndProject
Global
	GlobalSection(SolutionConfigurationPlatforms) = preSolution
		Debug|Any CPU = Debug|Any CPU
		Debug|Mixed Platforms = Debug|Mixed Platforms
		Debug|x86 = Debug|x86
		Release|Any CPU = Release|Any CPU
		Release|Mixed Platforms = Release|Mixed Platforms
		Release|x86 = Release|x86
	EndGlobalSection
	GlobalSection(ProjectConfigurationPlatforms) = postSolution
		{AE22E571-3DBC-450D-81B1-D78F71FB4F5F}.Debug|Any CPU.ActiveCfg = Debug|Any CPU
		{AE22E571-3DBC-450D-81B1-D78F71FB4F5F}.Debug|Any CPU.Build.0 = Debug|Any CPU
		{AE22E571-3DBC-450D-81B1-D78F71FB4F5F}.Debug|Mixed Platforms.ActiveCfg = Debug|Any CPU
		{AE22E571-3DBC-450D-81B1-D78F71FB4F5F}.Debug|Mixed Platforms.Build.0 = Debug|Any CPU
		{AE22E571-3DBC-450D-81B1-D78F71FB4F5F}.Debug|x86.ActiveCfg = Debug|Any CPU
		{AE22E571-3DBC-450D-81B1-D78F71FB4F5F}.Release|Any CPU.ActiveCfg = Release|Any CPU
		{AE22E571-3DBC-450D-81B1-D78F71FB4F5F}.Release|Any CPU.Build.0 = Release|Any CPU
		{AE22E571-3DBC-450D-81B1-D78F71FB4F5F}.Release|Mixed Platforms.ActiveCfg = Release|Any CPU
		{AE22E571-3DBC-450D-81B1-D78F71FB4F5F}.Release|Mixed Platforms.Build.0 = Release|Any CPU
		{AE22E571-3DBC-450D-81B1-D78F71FB4F5F}.Release|x86.ActiveCfg = Release|Any CPU
		{9DCB5446-B0C6-48B8-82D6-2388E0A1CEB4}.Debug|Any CPU.ActiveCfg = Debug|Any CPU
		{9DCB5446-B0C6-48B8-82D6-2388E0A1CEB4}.Debug|Any CPU.Build.0 = Debug|Any CPU
		{9DCB5446-B0C6-48B8-82D6-2388E0A1CEB4}.Debug|Mixed Platforms.ActiveCfg = Debug|Any CPU
		{9DCB5446-B0C6-48B8-82D6-2388E0A1CEB4}.Debug|Mixed Platforms.Build.0 = Debug|Any CPU
		{9DCB5446-B0C6-48B8-82D6-2388E0A1CEB4}.Debug|x86.ActiveCfg = Debug|Any CPU
		{9DCB5446-B0C6-48B8-82D6-2388E0A1CEB4}.Release|Any CPU.ActiveCfg = Release|Any CPU
		{9DCB5446-B0C6-48B8-82D6-2388E0A1CEB4}.Release|Any CPU.Build.0 = Release|Any CPU
		{9DCB5446-B0C6-48B8-82D6-2388E0A1CEB4}.Release|Mixed Platforms.ActiveCfg = Release|Any CPU
		{9DCB5446-B0C6-48B8-82D6-2388E0A1CEB4}.Release|Mixed Platforms.Build.0 = Release|Any CPU
		{9DCB5446-B0C6-48B8-82D6-2388E0A1CEB4}.Release|x86.ActiveCfg = Release|Any CPU
		{2A895394-A5BF-4DCA-85B1-E1CBE87F2483}.Debug|Any CPU.ActiveCfg = Debug|Any CPU
		{2A895394-A5BF-4DCA-85B1-E1CBE87F2483}.Debug|Any CPU.Build.0 = Debug|Any CPU
		{2A895394-A5BF-4DCA-85B1-E1CBE87F2483}.Debug|Mixed Platforms.ActiveCfg = Debug|Any CPU
		{2A895394-A5BF-4DCA-85B1-E1CBE87F2483}.Debug|Mixed Platforms.Build.0 = Debug|Any CPU
		{2A895394-A5BF-4DCA-85B1-E1CBE87F2483}.Debug|x86.ActiveCfg = Debug|Any CPU
		{2A895394-A5BF-4DCA-85B1-E1CBE87F2483}.Release|Any CPU.ActiveCfg = Release|Any CPU
		{2A895394-A5BF-4DCA-85B1-E1CBE87F2483}.Release|Any CPU.Build.0 = Release|Any CPU
		{2A895394-A5BF-4DCA-85B1-E1CBE87F2483}.Release|Mixed Platforms.ActiveCfg = Release|Any CPU
		{2A895394-A5BF-4DCA-85B1-E1CBE87F2483}.Release|Mixed Platforms.Build.0 = Release|Any CPU
		{2A895394-A5BF-4DCA-85B1-E1CBE87F2483}.Release|x86.ActiveCfg = Release|Any CPU
		{3CA93D1E-4EE8-43E9-B02F-B9CF9E911439}.Debug|Any CPU.ActiveCfg = Debug|Any CPU
		{3CA93D1E-4EE8-43E9-B02F-B9CF9E911439}.Debug|Any CPU.Build.0 = Debug|Any CPU
		{3CA93D1E-4EE8-43E9-B02F-B9CF9E911439}.Debug|Mixed Platforms.ActiveCfg = Debug|Any CPU
		{3CA93D1E-4EE8-43E9-B02F-B9CF9E911439}.Debug|Mixed Platforms.Build.0 = Debug|Any CPU
		{3CA93D1E-4EE8-43E9-B02F-B9CF9E911439}.Debug|x86.ActiveCfg = Debug|Any CPU
		{3CA93D1E-4EE8-43E9-B02F-B9CF9E911439}.Release|Any CPU.ActiveCfg = Release|Any CPU
		{3CA93D1E-4EE8-43E9-B02F-B9CF9E911439}.Release|Any CPU.Build.0 = Release|Any CPU
		{3CA93D1E-4EE8-43E9-B02F-B9CF9E911439}.Release|Mixed Platforms.ActiveCfg = Release|Any CPU
		{3CA93D1E-4EE8-43E9-B02F-B9CF9E911439}.Release|Mixed Platforms.Build.0 = Release|Any CPU
		{3CA93D1E-4EE8-43E9-B02F-B9CF9E911439}.Release|x86.ActiveCfg = Release|Any CPU
		{A729B225-06E5-4230-8B8B-192AE5104FDA}.Debug|Any CPU.ActiveCfg = Debug|Any CPU
		{A729B225-06E5-4230-8B8B-192AE5104FDA}.Debug|Any CPU.Build.0 = Debug|Any CPU
		{A729B225-06E5-4230-8B8B-192AE5104FDA}.Debug|Mixed Platforms.ActiveCfg = Debug|Any CPU
		{A729B225-06E5-4230-8B8B-192AE5104FDA}.Debug|Mixed Platforms.Build.0 = Debug|Any CPU
		{A729B225-06E5-4230-8B8B-192AE5104FDA}.Debug|x86.ActiveCfg = Debug|Any CPU
		{A729B225-06E5-4230-8B8B-192AE5104FDA}.Release|Any CPU.ActiveCfg = Release|Any CPU
		{A729B225-06E5-4230-8B8B-192AE5104FDA}.Release|Any CPU.Build.0 = Release|Any CPU
		{A729B225-06E5-4230-8B8B-192AE5104FDA}.Release|Mixed Platforms.ActiveCfg = Release|Any CPU
		{A729B225-06E5-4230-8B8B-192AE5104FDA}.Release|Mixed Platforms.Build.0 = Release|Any CPU
		{A729B225-06E5-4230-8B8B-192AE5104FDA}.Release|x86.ActiveCfg = Release|Any CPU
	EndGlobalSection
	GlobalSection(SolutionProperties) = preSolution
		HideSolutionNode = FALSE
	EndGlobalSection
EndGlobal
